Microsoft Visual Studio Solution File, Format Version 12.00
# Visual Studio Version 17
VisualStudioVersion = 17.1.32228.430
MinimumVisualStudioVersion = 10.0.40219.1
Project("{9A19103F-16F7-4668-BE54-9A1E7A4F7556}") = "PainKiller.PowerCommands.Bootstrap", "PainKiller.PowerCommands.Bootstrap\PainKiller.PowerCommands.Bootstrap.csproj", "{0902370A-5117-4599-87D7-7A117E36E41E}"
EndProject
Project("{9A19103F-16F7-4668-BE54-9A1E7A4F7556}") = "PainKiller.PowerCommands.PowerCommandsConsole", "PainKiller.PowerCommands.PowerCommandsConsole\PainKiller.PowerCommands.PowerCommandsConsole.csproj", "{A69842F5-5CB9-48EA-B8FE-98CED6446221}"
EndProject
Project("{2150E333-8FDC-42A3-9474-1A3956D46DE8}") = "Core", "Core", "{4F52B8D3-D980-4D53-A2DF-1A80C35DE99E}"
EndProject
Project("{2150E333-8FDC-42A3-9474-1A3956D46DE8}") = "Third party components", "Third party components", "{40C31577-61E6-4337-8CB7-68D7B0FD5B08}"
EndProject
Project("{9A19103F-16F7-4668-BE54-9A1E7A4F7556}") = "PainKiller.PowerCommands.KubernetesCommands", "PainKiller.PowerCommands.KubernetesCommands\PainKiller.PowerCommands.KubernetesCommands.csproj", "{C53C0EBD-1FEF-43F3-8AF9-285A4AB2A524}"
EndProject
Project("{9A19103F-16F7-4668-BE54-9A1E7A4F7556}") = "PainKiller.SerilogExtensions", "Third party components\PainKiller.SerilogExtensions\PainKiller.SerilogExtensions.csproj", "{B0265CE1-337C-4406-8141-7F1A0163D2C8}"
EndProject
Project("{9A19103F-16F7-4668-BE54-9A1E7A4F7556}") = "PainKiller.PowerCommands.Configuration", "Core\PainKiller.PowerCommands.Configuration\PainKiller.PowerCommands.Configuration.csproj", "{8C5F83CF-F6CD-4409-B63C-157CFDFF255C}"
EndProject
Project("{9A19103F-16F7-4668-BE54-9A1E7A4F7556}") = "PainKiller.PowerCommands.Core", "Core\PainKiller.PowerCommands.Core\PainKiller.PowerCommands.Core.csproj", "{0D600AC7-EC2B-4FDB-80C5-7328A5ACB115}"
EndProject
Project("{9A19103F-16F7-4668-BE54-9A1E7A4F7556}") = "PainKiller.PowerCommands.ReadLine", "Core\PainKiller.PowerCommands.ReadLine\PainKiller.PowerCommands.ReadLine.csproj", "{CD1CF001-6848-4A71-A7BD-CCECE422AC37}"
EndProject
Project("{9A19103F-16F7-4668-BE54-9A1E7A4F7556}") = "PainKiller.PowerCommands.Security", "Core\PainKiller.PowerCommands.Security\PainKiller.PowerCommands.Security.csproj", "{0CD0235A-7F92-41C3-98FC-C1D9E946A33D}"
EndProject
Project("{9A19103F-16F7-4668-BE54-9A1E7A4F7556}") = "PainKiller.PowerCommands.Shared", "Core\PainKiller.PowerCommands.Shared\PainKiller.PowerCommands.Shared.csproj", "{F767F717-890F-482C-83D9-6E80A9F87C76}"
EndProject
Project("{FAE04EC0-301F-11D3-BF4B-00C04F79EFBC}") = "DummieConsole", "DummieConsole\DummieConsole.csproj", "{B33B8077-58C2-4BB1-A89B-E4AFA7566358}"
EndProject
Global
	GlobalSection(SolutionConfigurationPlatforms) = preSolution
		Debug|Any CPU = Debug|Any CPU
		Release|Any CPU = Release|Any CPU
	EndGlobalSection
	GlobalSection(ProjectConfigurationPlatforms) = postSolution
		{0902370A-5117-4599-87D7-7A117E36E41E}.Debug|Any CPU.ActiveCfg = Debug|Any CPU
		{0902370A-5117-4599-87D7-7A117E36E41E}.Debug|Any CPU.Build.0 = Debug|Any CPU
		{0902370A-5117-4599-87D7-7A117E36E41E}.Release|Any CPU.ActiveCfg = Release|Any CPU
		{0902370A-5117-4599-87D7-7A117E36E41E}.Release|Any CPU.Build.0 = Release|Any CPU
		{A69842F5-5CB9-48EA-B8FE-98CED6446221}.Debug|Any CPU.ActiveCfg = Debug|Any CPU
		{A69842F5-5CB9-48EA-B8FE-98CED6446221}.Debug|Any CPU.Build.0 = Debug|Any CPU
		{A69842F5-5CB9-48EA-B8FE-98CED6446221}.Release|Any CPU.ActiveCfg = Release|Any CPU
		{A69842F5-5CB9-48EA-B8FE-98CED6446221}.Release|Any CPU.Build.0 = Release|Any CPU
		{C53C0EBD-1FEF-43F3-8AF9-285A4AB2A524}.Debug|Any CPU.ActiveCfg = Debug|Any CPU
		{C53C0EBD-1FEF-43F3-8AF9-285A4AB2A524}.Debug|Any CPU.Build.0 = Debug|Any CPU
		{C53C0EBD-1FEF-43F3-8AF9-285A4AB2A524}.Release|Any CPU.ActiveCfg = Release|Any CPU
		{C53C0EBD-1FEF-43F3-8AF9-285A4AB2A524}.Release|Any CPU.Build.0 = Release|Any CPU
		{B0265CE1-337C-4406-8141-7F1A0163D2C8}.Debug|Any CPU.ActiveCfg = Debug|Any CPU
		{B0265CE1-337C-4406-8141-7F1A0163D2C8}.Debug|Any CPU.Build.0 = Debug|Any CPU
		{B0265CE1-337C-4406-8141-7F1A0163D2C8}.Release|Any CPU.ActiveCfg = Release|Any CPU
		{B0265CE1-337C-4406-8141-7F1A0163D2C8}.Release|Any CPU.Build.0 = Release|Any CPU
		{8C5F83CF-F6CD-4409-B63C-157CFDFF255C}.Debug|Any CPU.ActiveCfg = Debug|Any CPU
		{8C5F83CF-F6CD-4409-B63C-157CFDFF255C}.Debug|Any CPU.Build.0 = Debug|Any CPU
		{8C5F83CF-F6CD-4409-B63C-157CFDFF255C}.Release|Any CPU.ActiveCfg = Release|Any CPU
		{8C5F83CF-F6CD-4409-B63C-157CFDFF255C}.Release|Any CPU.Build.0 = Release|Any CPU
		{0D600AC7-EC2B-4FDB-80C5-7328A5ACB115}.Debug|Any CPU.ActiveCfg = Debug|Any CPU
		{0D600AC7-EC2B-4FDB-80C5-7328A5ACB115}.Debug|Any CPU.Build.0 = Debug|Any CPU
		{0D600AC7-EC2B-4FDB-80C5-7328A5ACB115}.Release|Any CPU.ActiveCfg = Release|Any CPU
		{0D600AC7-EC2B-4FDB-80C5-7328A5ACB115}.Release|Any CPU.Build.0 = Release|Any CPU
		{CD1CF001-6848-4A71-A7BD-CCECE422AC37}.Debug|Any CPU.ActiveCfg = Debug|Any CPU
		{CD1CF001-6848-4A71-A7BD-CCECE422AC37}.Debug|Any CPU.Build.0 = Debug|Any CPU
		{CD1CF001-6848-4A71-A7BD-CCECE422AC37}.Release|Any CPU.ActiveCfg = Release|Any CPU
		{CD1CF001-6848-4A71-A7BD-CCECE422AC37}.Release|Any CPU.Build.0 = Release|Any CPU
		{0CD0235A-7F92-41C3-98FC-C1D9E946A33D}.Debug|Any CPU.ActiveCfg = Debug|Any CPU
		{0CD0235A-7F92-41C3-98FC-C1D9E946A33D}.Debug|Any CPU.Build.0 = Debug|Any CPU
		{0CD0235A-7F92-41C3-98FC-C1D9E946A33D}.Release|Any CPU.ActiveCfg = Release|Any CPU
		{0CD0235A-7F92-41C3-98FC-C1D9E946A33D}.Release|Any CPU.Build.0 = Release|Any CPU
		{F767F717-890F-482C-83D9-6E80A9F87C76}.Debug|Any CPU.ActiveCfg = Debug|Any CPU
		{F767F717-890F-482C-83D9-6E80A9F87C76}.Debug|Any CPU.Build.0 = Debug|Any CPU
		{F767F717-890F-482C-83D9-6E80A9F87C76}.Release|Any CPU.ActiveCfg = Release|Any CPU
		{F767F717-890F-482C-83D9-6E80A9F87C76}.Release|Any CPU.Build.0 = Release|Any CPU
		{B33B8077-58C2-4BB1-A89B-E4AFA7566358}.Debug|Any CPU.ActiveCfg = Debug|Any CPU
		{B33B8077-58C2-4BB1-A89B-E4AFA7566358}.Debug|Any CPU.Build.0 = Debug|Any CPU
		{B33B8077-58C2-4BB1-A89B-E4AFA7566358}.Release|Any CPU.ActiveCfg = Release|Any CPU
		{B33B8077-58C2-4BB1-A89B-E4AFA7566358}.Release|Any CPU.Build.0 = Release|Any CPU
	EndGlobalSection
	GlobalSection(SolutionProperties) = preSolution
		HideSolutionNode = FALSE
	EndGlobalSection
	GlobalSection(NestedProjects) = preSolution
		{B0265CE1-337C-4406-8141-7F1A0163D2C8} = {40C31577-61E6-4337-8CB7-68D7B0FD5B08}
		{8C5F83CF-F6CD-4409-B63C-157CFDFF255C} = {4F52B8D3-D980-4D53-A2DF-1A80C35DE99E}
		{0D600AC7-EC2B-4FDB-80C5-7328A5ACB115} = {4F52B8D3-D980-4D53-A2DF-1A80C35DE99E}
		{CD1CF001-6848-4A71-A7BD-CCECE422AC37} = {4F52B8D3-D980-4D53-A2DF-1A80C35DE99E}
		{0CD0235A-7F92-41C3-98FC-C1D9E946A33D} = {4F52B8D3-D980-4D53-A2DF-1A80C35DE99E}
		{F767F717-890F-482C-83D9-6E80A9F87C76} = {4F52B8D3-D980-4D53-A2DF-1A80C35DE99E}
	EndGlobalSection
	GlobalSection(ExtensibilityGlobals) = postSolution
		SolutionGuid = {CEFD0AAC-83D9-4B30-ABFA-67E1784F85B9}
	EndGlobalSection
EndGlobal
