
Microsoft Visual Studio Solution File, Format Version 12.00
# Visual Studio Version 17
VisualStudioVersion = 17.4.33205.214
MinimumVisualStudioVersion = 10.0.40219.1
Project("{9A19103F-16F7-4668-BE54-9A1E7A4F7556}") = "WorkerServiceTutorial.WebApi", "WorkerServiceTutorial.WebApi\WorkerServiceTutorial.WebApi.csproj", "{0EE4E37F-CEB7-4315-8931-E5293FCD40F0}"
EndProject
Project("{FAE04EC0-301F-11D3-BF4B-00C04F79EFBC}") = "MyWorkerService", "MyWorkerService\MyWorkerService.csproj", "{ABEB54A3-D6CC-4788-AC12-83BDF3A3A11A}"
EndProject
Global
	GlobalSection(SolutionConfigurationPlatforms) = preSolution
		Debug|Any CPU = Debug|Any CPU
		Release|Any CPU = Release|Any CPU
	EndGlobalSection
	GlobalSection(ProjectConfigurationPlatforms) = postSolution
		{0EE4E37F-CEB7-4315-8931-E5293FCD40F0}.Debug|Any CPU.ActiveCfg = Debug|Any CPU
		{0EE4E37F-CEB7-4315-8931-E5293FCD40F0}.Debug|Any CPU.Build.0 = Debug|Any CPU
		{0EE4E37F-CEB7-4315-8931-E5293FCD40F0}.Release|Any CPU.ActiveCfg = Release|Any CPU
		{0EE4E37F-CEB7-4315-8931-E5293FCD40F0}.Release|Any CPU.Build.0 = Release|Any CPU
		{ABEB54A3-D6CC-4788-AC12-83BDF3A3A11A}.Debug|Any CPU.ActiveCfg = Debug|Any CPU
		{ABEB54A3-D6CC-4788-AC12-83BDF3A3A11A}.Debug|Any CPU.Build.0 = Debug|Any CPU
		{ABEB54A3-D6CC-4788-AC12-83BDF3A3A11A}.Release|Any CPU.ActiveCfg = Release|Any CPU
		{ABEB54A3-D6CC-4788-AC12-83BDF3A3A11A}.Release|Any CPU.Build.0 = Release|Any CPU
	EndGlobalSection
	GlobalSection(SolutionProperties) = preSolution
		HideSolutionNode = FALSE
	EndGlobalSection
	GlobalSection(ExtensibilityGlobals) = postSolution
		SolutionGuid = {FAD9926A-D4D6-4640-A202-A997A7DE6F1A}
	EndGlobalSection
EndGlobal
